
Microsoft Visual Studio Solution File, Format Version 12.00
# Visual Studio Version 17
VisualStudioVersion = 17.3.32804.467
MinimumVisualStudioVersion = 10.0.40219.1
Project("{FAE04EC0-301F-11D3-BF4B-00C04F79EFBC}") = "ModelFirstDemo", "ModelFirstDemo\ModelFirstDemo.csproj", "{510E3415-9C8C-41D6-AD2F-F332E427ABB3}"
EndProject
Project("{FAE04EC0-301F-11D3-BF4B-00C04F79EFBC}") = "BLLLibrary", "BLLLibrary\BLLLibrary.csproj", "{42C07882-7C79-44FA-977A-032042FC7BBC}"
EndProject
Project("{FAE04EC0-301F-11D3-BF4B-00C04F79EFBC}") = "DALLibrary", "DALLibrary\DALLibrary.csproj", "{9FDCCBB8-17D8-41A1-826E-9F6CC06219EE}"
EndProject
Global
	GlobalSection(SolutionConfigurationPlatforms) = preSolution
		Debug|Any CPU = Debug|Any CPU
		Release|Any CPU = Release|Any CPU
	EndGlobalSection
	GlobalSection(ProjectConfigurationPlatforms) = postSolution
		{510E3415-9C8C-41D6-AD2F-F332E427ABB3}.Debug|Any CPU.ActiveCfg = Debug|Any CPU
		{510E3415-9C8C-41D6-AD2F-F332E427ABB3}.Debug|Any CPU.Build.0 = Debug|Any CPU
		{510E3415-9C8C-41D6-AD2F-F332E427ABB3}.Release|Any CPU.ActiveCfg = Release|Any CPU
		{510E3415-9C8C-41D6-AD2F-F332E427ABB3}.Release|Any CPU.Build.0 = Release|Any CPU
		{42C07882-7C79-44FA-977A-032042FC7BBC}.Debug|Any CPU.ActiveCfg = Debug|Any CPU
		{42C07882-7C79-44FA-977A-032042FC7BBC}.Debug|Any CPU.Build.0 = Debug|Any CPU
		{42C07882-7C79-44FA-977A-032042FC7BBC}.Release|Any CPU.ActiveCfg = Release|Any CPU
		{42C07882-7C79-44FA-977A-032042FC7BBC}.Release|Any CPU.Build.0 = Release|Any CPU
		{9FDCCBB8-17D8-41A1-826E-9F6CC06219EE}.Debug|Any CPU.ActiveCfg = Debug|Any CPU
		{9FDCCBB8-17D8-41A1-826E-9F6CC06219EE}.Debug|Any CPU.Build.0 = Debug|Any CPU
		{9FDCCBB8-17D8-41A1-826E-9F6CC06219EE}.Release|Any CPU.ActiveCfg = Release|Any CPU
		{9FDCCBB8-17D8-41A1-826E-9F6CC06219EE}.Release|Any CPU.Build.0 = Release|Any CPU
	EndGlobalSection
	GlobalSection(SolutionProperties) = preSolution
		HideSolutionNode = FALSE
	EndGlobalSection
	GlobalSection(ExtensibilityGlobals) = postSolution
		SolutionGuid = {453F49AF-3556-4805-9933-7987D4794900}
	EndGlobalSection
EndGlobal
