
Microsoft Visual Studio Solution File, Format Version 12.00
# Visual Studio Version 17
VisualStudioVersion = 17.3.32804.467
MinimumVisualStudioVersion = 10.0.40219.1
Project("{FAE04EC0-301F-11D3-BF4B-00C04F79EFBC}") = "sep29_ass", "sep29_ass\sep29_ass.csproj", "{AB41EDB2-4A3F-4068-8DCF-6EB4DFE30721}"
	ProjectSection(ProjectDependencies) = postProject
		{441EC948-BF04-490B-A9E3-93FA8CF13CB9} = {441EC948-BF04-490B-A9E3-93FA8CF13CB9}
	EndProjectSection
EndProject
Project("{FAE04EC0-301F-11D3-BF4B-00C04F79EFBC}") = "DAL_Library", "DAL_Library\DAL_Library.csproj", "{441EC948-BF04-490B-A9E3-93FA8CF13CB9}"
EndProject
Global
	GlobalSection(SolutionConfigurationPlatforms) = preSolution
		Debug|Any CPU = Debug|Any CPU
		Release|Any CPU = Release|Any CPU
	EndGlobalSection
	GlobalSection(ProjectConfigurationPlatforms) = postSolution
		{AB41EDB2-4A3F-4068-8DCF-6EB4DFE30721}.Debug|Any CPU.ActiveCfg = Debug|Any CPU
		{AB41EDB2-4A3F-4068-8DCF-6EB4DFE30721}.Debug|Any CPU.Build.0 = Debug|Any CPU
		{AB41EDB2-4A3F-4068-8DCF-6EB4DFE30721}.Release|Any CPU.ActiveCfg = Release|Any CPU
		{AB41EDB2-4A3F-4068-8DCF-6EB4DFE30721}.Release|Any CPU.Build.0 = Release|Any CPU
		{441EC948-BF04-490B-A9E3-93FA8CF13CB9}.Debug|Any CPU.ActiveCfg = Debug|Any CPU
		{441EC948-BF04-490B-A9E3-93FA8CF13CB9}.Debug|Any CPU.Build.0 = Debug|Any CPU
		{441EC948-BF04-490B-A9E3-93FA8CF13CB9}.Release|Any CPU.ActiveCfg = Release|Any CPU
		{441EC948-BF04-490B-A9E3-93FA8CF13CB9}.Release|Any CPU.Build.0 = Release|Any CPU
	EndGlobalSection
	GlobalSection(SolutionProperties) = preSolution
		HideSolutionNode = FALSE
	EndGlobalSection
	GlobalSection(ExtensibilityGlobals) = postSolution
		SolutionGuid = {F1A495F4-BC95-4DED-A731-B1D70119FDF6}
	EndGlobalSection
EndGlobal
