
Microsoft Visual Studio Solution File, Format Version 12.00
# Visual Studio Version 17
VisualStudioVersion = 17.3.32922.545
MinimumVisualStudioVersion = 10.0.40219.1
Project("{FAE04EC0-301F-11D3-BF4B-00C04F79EFBC}") = "TestingProject", "TestingProject\TestingProject.csproj", "{71CA7801-C631-470E-BC25-A6B07B0B98EF}"
EndProject
Project("{FAE04EC0-301F-11D3-BF4B-00C04F79EFBC}") = "TestingTest", "TestingTest\TestingTest.csproj", "{EC2A3E02-101F-4D61-A338-D4FE4F329939}"
	ProjectSection(ProjectDependencies) = postProject
		{71CA7801-C631-470E-BC25-A6B07B0B98EF} = {71CA7801-C631-470E-BC25-A6B07B0B98EF}
	EndProjectSection
EndProject
Global
	GlobalSection(SolutionConfigurationPlatforms) = preSolution
		Debug|Any CPU = Debug|Any CPU
		Release|Any CPU = Release|Any CPU
	EndGlobalSection
	GlobalSection(ProjectConfigurationPlatforms) = postSolution
		{71CA7801-C631-470E-BC25-A6B07B0B98EF}.Debug|Any CPU.ActiveCfg = Debug|Any CPU
		{71CA7801-C631-470E-BC25-A6B07B0B98EF}.Debug|Any CPU.Build.0 = Debug|Any CPU
		{71CA7801-C631-470E-BC25-A6B07B0B98EF}.Release|Any CPU.ActiveCfg = Release|Any CPU
		{71CA7801-C631-470E-BC25-A6B07B0B98EF}.Release|Any CPU.Build.0 = Release|Any CPU
		{EC2A3E02-101F-4D61-A338-D4FE4F329939}.Debug|Any CPU.ActiveCfg = Debug|Any CPU
		{EC2A3E02-101F-4D61-A338-D4FE4F329939}.Debug|Any CPU.Build.0 = Debug|Any CPU
		{EC2A3E02-101F-4D61-A338-D4FE4F329939}.Release|Any CPU.ActiveCfg = Release|Any CPU
		{EC2A3E02-101F-4D61-A338-D4FE4F329939}.Release|Any CPU.Build.0 = Release|Any CPU
	EndGlobalSection
	GlobalSection(SolutionProperties) = preSolution
		HideSolutionNode = FALSE
	EndGlobalSection
	GlobalSection(ExtensibilityGlobals) = postSolution
		SolutionGuid = {36446E0A-7E38-42E5-9EE4-EBB7013AA906}
	EndGlobalSection
EndGlobal
