
Microsoft Visual Studio Solution File, Format Version 12.00
# Visual Studio Version 17
VisualStudioVersion = 17.3.32922.545
MinimumVisualStudioVersion = 10.0.40219.1
Project("{FAE04EC0-301F-11D3-BF4B-00C04F79EFBC}") = "oct19", "oct19\oct19.csproj", "{40E72380-C2FE-4ACD-B303-FC7781885AE9}"
EndProject
Project("{FAE04EC0-301F-11D3-BF4B-00C04F79EFBC}") = "TestLibrary", "TestLibrary\TestLibrary.csproj", "{FEA5C66B-DE9E-4353-B12C-89131C6A0752}"
EndProject
Global
	GlobalSection(SolutionConfigurationPlatforms) = preSolution
		Debug|Any CPU = Debug|Any CPU
		Release|Any CPU = Release|Any CPU
	EndGlobalSection
	GlobalSection(ProjectConfigurationPlatforms) = postSolution
		{40E72380-C2FE-4ACD-B303-FC7781885AE9}.Debug|Any CPU.ActiveCfg = Debug|Any CPU
		{40E72380-C2FE-4ACD-B303-FC7781885AE9}.Debug|Any CPU.Build.0 = Debug|Any CPU
		{40E72380-C2FE-4ACD-B303-FC7781885AE9}.Release|Any CPU.ActiveCfg = Release|Any CPU
		{40E72380-C2FE-4ACD-B303-FC7781885AE9}.Release|Any CPU.Build.0 = Release|Any CPU
		{FEA5C66B-DE9E-4353-B12C-89131C6A0752}.Debug|Any CPU.ActiveCfg = Debug|Any CPU
		{FEA5C66B-DE9E-4353-B12C-89131C6A0752}.Debug|Any CPU.Build.0 = Debug|Any CPU
		{FEA5C66B-DE9E-4353-B12C-89131C6A0752}.Release|Any CPU.ActiveCfg = Release|Any CPU
		{FEA5C66B-DE9E-4353-B12C-89131C6A0752}.Release|Any CPU.Build.0 = Release|Any CPU
	EndGlobalSection
	GlobalSection(SolutionProperties) = preSolution
		HideSolutionNode = FALSE
	EndGlobalSection
	GlobalSection(ExtensibilityGlobals) = postSolution
		SolutionGuid = {AAA34BF2-64AC-4F11-99BB-4DE42F54823C}
	EndGlobalSection
EndGlobal
